
Microsoft Visual Studio Solution File, Format Version 12.00
# Visual Studio 15
VisualStudioVersion = 15.0.28307.421
MinimumVisualStudioVersion = 10.0.40219.1
Project("{8BC9CEB8-8B4A-11D0-8D11-00A0C91BC942}") = "Semi", "Semi\Semi.vcxproj", "{B07CD824-CBDA-473E-BF6C-2037E2A57960}"
EndProject
Project("{8BC9CEB8-8B4A-11D0-8D11-00A0C91BC942}") = "UnitTest1", "UnitTest1\UnitTest1.vcxproj", "{F897A8E2-5127-4CB5-9977-2465978601B6}"
EndProject
Global
	GlobalSection(SolutionConfigurationPlatforms) = preSolution
		Debug|x64 = Debug|x64
		Debug|x86 = Debug|x86
		Release|x64 = Release|x64
		Release|x86 = Release|x86
	EndGlobalSection
	GlobalSection(ProjectConfigurationPlatforms) = postSolution
		{B07CD824-CBDA-473E-BF6C-2037E2A57960}.Debug|x64.ActiveCfg = Debug|x64
		{B07CD824-CBDA-473E-BF6C-2037E2A57960}.Debug|x64.Build.0 = Debug|x64
		{B07CD824-CBDA-473E-BF6C-2037E2A57960}.Debug|x86.ActiveCfg = Debug|Win32
		{B07CD824-CBDA-473E-BF6C-2037E2A57960}.Debug|x86.Build.0 = Debug|Win32
		{B07CD824-CBDA-473E-BF6C-2037E2A57960}.Release|x64.ActiveCfg = Release|x64
		{B07CD824-CBDA-473E-BF6C-2037E2A57960}.Release|x64.Build.0 = Release|x64
		{B07CD824-CBDA-473E-BF6C-2037E2A57960}.Release|x86.ActiveCfg = Release|Win32
		{B07CD824-CBDA-473E-BF6C-2037E2A57960}.Release|x86.Build.0 = Release|Win32
		{F897A8E2-5127-4CB5-9977-2465978601B6}.Debug|x64.ActiveCfg = Debug|x64
		{F897A8E2-5127-4CB5-9977-2465978601B6}.Debug|x64.Build.0 = Debug|x64
		{F897A8E2-5127-4CB5-9977-2465978601B6}.Debug|x86.ActiveCfg = Debug|Win32
		{F897A8E2-5127-4CB5-9977-2465978601B6}.Debug|x86.Build.0 = Debug|Win32
		{F897A8E2-5127-4CB5-9977-2465978601B6}.Release|x64.ActiveCfg = Release|x64
		{F897A8E2-5127-4CB5-9977-2465978601B6}.Release|x64.Build.0 = Release|x64
		{F897A8E2-5127-4CB5-9977-2465978601B6}.Release|x86.ActiveCfg = Release|Win32
		{F897A8E2-5127-4CB5-9977-2465978601B6}.Release|x86.Build.0 = Release|Win32
	EndGlobalSection
	GlobalSection(SolutionProperties) = preSolution
		HideSolutionNode = FALSE
	EndGlobalSection
	GlobalSection(ExtensibilityGlobals) = postSolution
		SolutionGuid = {9599722B-8A4F-4400-8DC1-D3DEAE207C48}
	EndGlobalSection
EndGlobal
